
Microsoft Visual Studio Solution File, Format Version 12.00
# Visual Studio Version 16
VisualStudioVersion = 16.0.31424.327
MinimumVisualStudioVersion = 10.0.40219.1
Project("{FAE04EC0-301F-11D3-BF4B-00C04F79EFBC}") = "expandedCommands", "expandedCommands\expandedCommands.csproj", "{7E85BD5F-909C-43C0-ADF3-42F9DB5A9768}"
EndProject
Global
	GlobalSection(SolutionConfigurationPlatforms) = preSolution
		Debug|Any CPU = Debug|Any CPU
		Release|Any CPU = Release|Any CPU
	EndGlobalSection
	GlobalSection(ProjectConfigurationPlatforms) = postSolution
		{7E85BD5F-909C-43C0-ADF3-42F9DB5A9768}.Debug|Any CPU.ActiveCfg = Debug|Any CPU
		{7E85BD5F-909C-43C0-ADF3-42F9DB5A9768}.Debug|Any CPU.Build.0 = Debug|Any CPU
		{7E85BD5F-909C-43C0-ADF3-42F9DB5A9768}.Release|Any CPU.ActiveCfg = Release|Any CPU
		{7E85BD5F-909C-43C0-ADF3-42F9DB5A9768}.Release|Any CPU.Build.0 = Release|Any CPU
	EndGlobalSection
	GlobalSection(SolutionProperties) = preSolution
		HideSolutionNode = FALSE
	EndGlobalSection
	GlobalSection(ExtensibilityGlobals) = postSolution
		SolutionGuid = {E75A63C7-B004-4515-93DC-748633BCAC55}
	EndGlobalSection
EndGlobal
